<?xml version="1.0" encoding="utf-8"?>
<Project ToolsVersion="4.0" xmlns="http://schemas.microsoft.com/developer/msbuild/2003">
  <ItemGroup>
    <ClInclude Include="Global.h" />
    <ClInclude Include="Base\Base.h">
      <Filter>Base</Filter>
    </ClInclude>
    <ClInclude Include="Game(P3)\Bullet.h">
      <Filter>Game</Filter>
    </ClInclude>
    <ClInclude Include="Game(P3)\Enemy.h">
      <Filter>Game</Filter>
    </ClInclude>
    <ClInclude Include="Game(P3)\Player.h">
      <Filter>Game</Filter>
    </ClInclude>
    <ClInclude Include="Game(P3)\TPSCamera.h">
      <Filter>Game</Filter>
    </ClInclude>
  </ItemGroup>
  <ItemGroup>
    <Filter Include="Game">
      <UniqueIdentifier>{0f4d0130-64a2-41e0-a3ef-e7d036e42b8f}</UniqueIdentifier>
    </Filter>
    <Filter Include="Base">
      <UniqueIdentifier>{e589ee0d-2edb-426d-8d90-417649a16188}</UniqueIdentifier>
    </Filter>
  </ItemGroup>
  <ItemGroup>
    <ClCompile Include="Base\Base.cpp">
      <Filter>Base</Filter>
    </ClCompile>
    <ClCompile Include="Game(P3)\Bullet.cpp">
      <Filter>Game</Filter>
    </ClCompile>
    <ClCompile Include="Game(P3)\Enemy.cpp">
      <Filter>Game</Filter>
    </ClCompile>
    <ClCompile Include="Game(P3)\Player.cpp">
      <Filter>Game</Filter>
    </ClCompile>
    <ClCompile Include="Game(P3)\TPSCamera.cpp">
      <Filter>Game</Filter>
    </ClCompile>
    <ClCompile Include="main.cpp" />
  </ItemGroup>
</Project>